
Microsoft Visual Studio Solution File, Format Version 12.00
# Visual Studio Version 17
VisualStudioVersion = 17.4.33110.190
MinimumVisualStudioVersion = 10.0.40219.1
Project("{FAE04EC0-301F-11D3-BF4B-00C04F79EFBC}") = "Practica", "Practica\Practica.csproj", "{F7A85C0C-A78A-46C7-8961-AD7E408699FE}"
EndProject
Global
	GlobalSection(SolutionConfigurationPlatforms) = preSolution
		Debug|Any CPU = Debug|Any CPU
		Release|Any CPU = Release|Any CPU
	EndGlobalSection
	GlobalSection(ProjectConfigurationPlatforms) = postSolution
		{F7A85C0C-A78A-46C7-8961-AD7E408699FE}.Debug|Any CPU.ActiveCfg = Debug|Any CPU
		{F7A85C0C-A78A-46C7-8961-AD7E408699FE}.Debug|Any CPU.Build.0 = Debug|Any CPU
		{F7A85C0C-A78A-46C7-8961-AD7E408699FE}.Release|Any CPU.ActiveCfg = Release|Any CPU
		{F7A85C0C-A78A-46C7-8961-AD7E408699FE}.Release|Any CPU.Build.0 = Release|Any CPU
	EndGlobalSection
	GlobalSection(SolutionProperties) = preSolution
		HideSolutionNode = FALSE
	EndGlobalSection
	GlobalSection(ExtensibilityGlobals) = postSolution
		SolutionGuid = {6D7956D6-1812-4926-B3B6-AC1CA0DCED93}
	EndGlobalSection
EndGlobal
